# yaml-language-server: $schema=../../schemas/block.schema.json
schema_version: 1
id: artifact-field-set
description: A schema-validated artifact is a closed object; emit the fields its contract names and no others.
body: |
  The artifact you emit is checked against a closed schema. Emit the fields that the
  contract names, and no other field. The consumer refuses the whole object when it finds a
  key that the contract does not name. So an extra field, such as a note, a confidence or a
  severity, destroys the artifact.

  Put anything that no field holds in your prose reply. If a field that you need does not
  exist, say so and stop. Change the schema on purpose. Do not work around it.
