# yaml-language-server: $schema=../../schemas/block.schema.json
schema_version: 1
id: context-priming
description: Honor the project instructions already in context; learn local invariants first.
body: |
  The project instructions are already in your context. Follow their commands, gates and
  conventions, not general habits. Read enough of the code around a change to know its local
  rules before you judge it.
